
Microsoft Visual Studio Solution File, Format Version 12.00
# Visual Studio Version 17
VisualStudioVersion = 17.0.32112.339
MinimumVisualStudioVersion = 10.0.40219.1
Project("{888888A0-9F3D-457C-B088-3A5042F75D52}") = "second", "second.pyproj", "{9046FF0C-5D16-4685-8382-E7C55792481C}"
EndProject
Global
	GlobalSection(SolutionConfigurationPlatforms) = preSolution
		Debug|Any CPU = Debug|Any CPU
		Release|Any CPU = Release|Any CPU
	EndGlobalSection
	GlobalSection(ProjectConfigurationPlatforms) = postSolution
		{9046FF0C-5D16-4685-8382-E7C55792481C}.Debug|Any CPU.ActiveCfg = Debug|Any CPU
		{9046FF0C-5D16-4685-8382-E7C55792481C}.Release|Any CPU.ActiveCfg = Release|Any CPU
	EndGlobalSection
	GlobalSection(SolutionProperties) = preSolution
		HideSolutionNode = FALSE
	EndGlobalSection
	GlobalSection(ExtensibilityGlobals) = postSolution
		SolutionGuid = {D42F7D1D-E378-4C2D-B480-FB65C1D3E7F4}
	EndGlobalSection
EndGlobal
